{
  "version": 4,
  "terraform_version": "1.4.2",
  "serial": 15,
  "lineage": "dcc4984e-f9ac-ca11-fa1d-985cff9b1c2b",
  "outputs": {},
  "resources": [
    {
      "mode": "managed",
      "type": "digitalocean_droplet",
      "name": "test_droplet",
      "provider": "provider[\"registry.terraform.io/digitalocean/digitalocean\"]",
      "instances": [
        {
          "index_key": "second",
          "schema_version": 1,
          "attributes": {
            "backups": false,
            "created_at": "2023-03-31T18:31:39Z",
            "disk": 25,
            "droplet_agent": null,
            "graceful_shutdown": false,
            "id": "348497586",
            "image": "ubuntu-20-04-x64",
            "ipv4_address": "64.226.90.231",
            "ipv4_address_private": "10.114.0.2",
            "ipv6": false,
            "ipv6_address": "",
            "locked": false,
            "memory": 1024,
            "monitoring": false,
            "name": "second",
            "price_hourly": 0.00893,
            "price_monthly": 6,
            "private_networking": true,
            "region": "fra1",
            "resize_disk": true,
            "size": "s-1vcpu-1gb",
            "ssh_keys": null,
            "status": "active",
            "tags": [],
            "timeouts": null,
            "urn": "do:droplet:348497586",
            "user_data": null,
            "vcpus": 1,
            "volume_ids": [],
            "vpc_uuid": "7a02aece-b821-4cb6-b0fa-a2699003db06"
          },
          "sensitive_attributes": [],
          "private": "eyJlMmJmYjczMC1lY2FhLTExZTYtOGY4OC0zNDM2M2JjN2M0YzAiOnsiY3JlYXRlIjozNjAwMDAwMDAwMDAwLCJkZWxldGUiOjYwMDAwMDAwMDAwLCJ1cGRhdGUiOjM2MDAwMDAwMDAwMDB9LCJzY2hlbWFfdmVyc2lvbiI6IjEifQ=="
        },
        {
          "index_key": "third",
          "schema_version": 1,
          "attributes": {
            "backups": false,
            "created_at": "2023-03-31T18:31:40Z",
            "disk": 25,
            "droplet_agent": null,
            "graceful_shutdown": false,
            "id": "348497589",
            "image": "ubuntu-20-04-x64",
            "ipv4_address": "64.227.126.181",
            "ipv4_address_private": "10.114.0.4",
            "ipv6": false,
            "ipv6_address": "",
            "locked": false,
            "memory": 1024,
            "monitoring": false,
            "name": "third",
            "price_hourly": 0.00893,
            "price_monthly": 6,
            "private_networking": true,
            "region": "fra1",
            "resize_disk": true,
            "size": "s-1vcpu-1gb",
            "ssh_keys": null,
            "status": "active",
            "tags": [],
            "timeouts": null,
            "urn": "do:droplet:348497589",
            "user_data": null,
            "vcpus": 1,
            "volume_ids": [],
            "vpc_uuid": "7a02aece-b821-4cb6-b0fa-a2699003db06"
          },
          "sensitive_attributes": [],
          "private": "eyJlMmJmYjczMC1lY2FhLTExZTYtOGY4OC0zNDM2M2JjN2M0YzAiOnsiY3JlYXRlIjozNjAwMDAwMDAwMDAwLCJkZWxldGUiOjYwMDAwMDAwMDAwLCJ1cGRhdGUiOjM2MDAwMDAwMDAwMDB9LCJzY2hlbWFfdmVyc2lvbiI6IjEifQ=="
        }
      ]
    }
  ],
  "check_results": null
}
